// !$*UTF8*$!
{
	archiveVersion = 1;
	classes = {
	};
	objectVersion = 50;
	objects = {

/* Begin PBXBuildFile section */
		08562F102563097700A47149 /* AppDelegate.swift in Sources */ = {isa = PBXBuildFile; fileRef = 08562F0F2563097700A47149 /* AppDelegate.swift */; };
		08562F122563097700A47149 /* SceneDelegate.swift in Sources */ = {isa = PBXBuildFile; fileRef = 08562F112563097700A47149 /* SceneDelegate.swift */; };
		08562F142563097700A47149 /* ViewController.swift in Sources */ = {isa = PBXBuildFile; fileRef = 08562F132563097700A47149 /* ViewController.swift */; };
		08562F172563097700A47149 /* Main.storyboard in Resources */ = {isa = PBXBuildFile; fileRef = 08562F152563097700A47149 /* Main.storyboard */; };
		08562F192563098100A47149 /* Assets.xcassets in Resources */ = {isa = PBXBuildFile; fileRef = 08562F182563098100A47149 /* Assets.xcassets */; };
		08562F1C2563098100A47149 /* LaunchScreen.storyboard in Resources */ = {isa = PBXBuildFile; fileRef = 08562F1A2563098100A47149 /* LaunchScreen.storyboard */; };
		08562F272563098200A47149 /* ClimAppTests.swift in Sources */ = {isa = PBXBuildFile; fileRef = 08562F262563098200A47149 /* ClimAppTests.swift */; };
/* End PBXBuildFile section */

/* Begin PBXContainerItemProxy section */
		08562F232563098200A47149 /* PBXContainerItemProxy */ = {
			isa = PBXContainerItemProxy;
			containerPortal = 08562F042563097700A47149 /* Project object */;
			proxyType = 1;
			remoteGlobalIDString = 08562F0B2563097700A47149;
			remoteInfo = ClimApp;
		};
/* End PBXContainerItemProxy section */

/* Begin PBXFileReference section */
		08562F0C2563097700A47149 /* ClimApp.app */ = {isa = PBXFileReference; explicitFileType = wrapper.application; includeInIndex = 0; path = ClimApp.app; sourceTree = BUILT_PRODUCTS_DIR; };
		08562F0F2563097700A47149 /* AppDelegate.swift */ = {isa = PBXFileReference; lastKnownFileType = sourcecode.swift; path = AppDelegate.swift; sourceTree = "<group>"; };
		08562F112563097700A47149 /* SceneDelegate.swift */ = {isa = PBXFileReference; lastKnownFileType = sourcecode.swift; path = SceneDelegate.swift; sourceTree = "<group>"; };
		08562F132563097700A47149 /* ViewController.swift */ = {isa = PBXFileReference; lastKnownFileType = sourcecode.swift; path = ViewController.swift; sourceTree = "<group>"; };
		08562F162563097700A47149 /* Base */ = {isa = PBXFileReference; lastKnownFileType = file.storyboard; name = Base; path = Base.lproj/Main.storyboard; sourceTree = "<group>"; };
		08562F182563098100A47149 /* Assets.xcassets */ = {isa = PBXFileReference; lastKnownFileType = folder.assetcatalog; path = Assets.xcassets; sourceTree = "<group>"; };
		08562F1B2563098100A47149 /* Base */ = {isa = PBXFileReference; lastKnownFileType = file.storyboard; name = Base; path = Base.lproj/LaunchScreen.storyboard; sourceTree = "<group>"; };
		08562F1D2563098100A47149 /* Info.plist */ = {isa = PBXFileReference; lastKnownFileType = text.plist.xml; path = Info.plist; sourceTree = "<group>"; };
		08562F222563098200A47149 /* ClimAppTests.xctest */ = {isa = PBXFileReference; explicitFileType = wrapper.cfbundle; includeInIndex = 0; path = ClimAppTests.xctest; sourceTree = BUILT_PRODUCTS_DIR; };
		08562F262563098200A47149 /* ClimAppTests.swift */ = {isa = PBXFileReference; lastKnownFileType = sourcecode.swift; path = ClimAppTests.swift; sourceTree = "<group>"; };
		08562F282563098200A47149 /* Info.plist */ = {isa = PBXFileReference; lastKnownFileType = text.plist.xml; path = Info.plist; sourceTree = "<group>"; };
/* End PBXFileReference section */

/* Begin PBXFrameworksBuildPhase section */
		08562F092563097700A47149 /* Frameworks */ = {
			isa = PBXFrameworksBuildPhase;
			buildActionMask = 2147483647;
			files = (
			);
			runOnlyForDeploymentPostprocessing = 0;
		};
		08562F1F2563098200A47149 /* Frameworks */ = {
			isa = PBXFrameworksBuildPhase;
			buildActionMask = 2147483647;
			files = (
			);
			runOnlyForDeploymentPostprocessing = 0;
		};
/* End PBXFrameworksBuildPhase section */

/* Begin PBXGroup section */
		08562F032563097700A47149 = {
			isa = PBXGroup;
			children = (
				08562F0E2563097700A47149 /* ClimApp */,
				08562F252563098200A47149 /* ClimAppTests */,
				08562F0D2563097700A47149 /* Products */,
			);
			sourceTree = "<group>";
		};
		08562F0D2563097700A47149 /* Products */ = {
			isa = PBXGroup;
			children = (
				08562F0C2563097700A47149 /* ClimApp.app */,
				08562F222563098200A47149 /* ClimAppTests.xctest */,
			);
			name = Products;
			sourceTree = "<group>";
		};
		08562F0E2563097700A47149 /* ClimApp */ = {
			isa = PBXGroup;
			children = (
				08562F0F2563097700A47149 /* AppDelegate.swift */,
				08562F112563097700A47149 /* SceneDelegate.swift */,
				08562F132563097700A47149 /* ViewController.swift */,
				08562F152563097700A47149 /* Main.storyboard */,
				08562F182563098100A47149 /* Assets.xcassets */,
				08562F1A2563098100A47149 /* LaunchScreen.storyboard */,
				08562F1D2563098100A47149 /* Info.plist */,
			);
			path = ClimApp;
			sourceTree = "<group>";
		};
		08562F252563098200A47149 /* ClimAppTests */ = {
			isa = PBXGroup;
			children = (
				08562F262563098200A47149 /* ClimAppTests.swift */,
				08562F282563098200A47149 /* Info.plist */,
			);
			path = ClimAppTests;
			sourceTree = "<group>";
		};
/* End PBXGroup section */

/* Begin PBXNativeTarget section */
		08562F0B2563097700A47149 /* ClimApp */ = {
			isa = PBXNativeTarget;
			buildConfigurationList = 08562F2B2563098200A47149 /* Build configuration list for PBXNativeTarget "ClimApp" */;
			buildPhases = (
				08562F082563097700A47149 /* Sources */,
				08562F092563097700A47149 /* Frameworks */,
				08562F0A2563097700A47149 /* Resources */,
			);
			buildRules = (
			);
			dependencies = (
			);
			name = ClimApp;
			productName = ClimApp;
			productReference = 08562F0C2563097700A47149 /* ClimApp.app */;
			productType = "com.apple.product-type.application";
		};
		08562F212563098200A47149 /* ClimAppTests */ = {
			isa = PBXNativeTarget;
			buildConfigurationList = 08562F2E2563098200A47149 /* Build configuration list for PBXNativeTarget "ClimAppTests" */;
			buildPhases = (
				08562F1E2563098200A47149 /* Sources */,
				08562F1F2563098200A47149 /* Frameworks */,
				08562F202563098200A47149 /* Resources */,
			);
			buildRules = (
			);
			dependencies = (
				08562F242563098200A47149 /* PBXTargetDependency */,
			);
			name = ClimAppTests;
			productName = ClimAppTests;
			productReference = 08562F222563098200A47149 /* ClimAppTests.xctest */;
			productType = "com.apple.product-type.bundle.unit-test";
		};
/* End PBXNativeTarget section */

/* Begin PBXProject section */
		08562F042563097700A47149 /* Project object */ = {
			isa = PBXProject;
			attributes = {
				LastSwiftUpdateCheck = 1150;
				LastUpgradeCheck = 1150;
				ORGANIZATIONNAME = Ivan;
				TargetAttributes = {
					08562F0B2563097700A47149 = {
						CreatedOnToolsVersion = 11.5;
					};
					08562F212563098200A47149 = {
						CreatedOnToolsVersion = 11.5;
						TestTargetID = 08562F0B2563097700A47149;
					};
				};
			};
			buildConfigurationList = 08562F072563097700A47149 /* Build configuration list for PBXProject "ClimApp" */;
			compatibilityVersion = "Xcode 9.3";
			developmentRegion = en;
			hasScannedForEncodings = 0;
			knownRegions = (
				en,
				Base,
			);
			mainGroup = 08562F032563097700A47149;
			productRefGroup = 08562F0D2563097700A47149 /* Products */;
			projectDirPath = "";
			projectRoot = "";
			targets = (
				08562F0B2563097700A47149 /* ClimApp */,
				08562F212563098200A47149 /* ClimAppTests */,
			);
		};
/* End PBXProject section */

/* Begin PBXResourcesBuildPhase section */
		08562F0A2563097700A47149 /* Resources */ = {
			isa = PBXResourcesBuildPhase;
			buildActionMask = 2147483647;
			files = (
				08562F1C2563098100A47149 /* LaunchScreen.storyboard in Resources */,
				08562F192563098100A47149 /* Assets.xcassets in Resources */,
				08562F172563097700A47149 /* Main.storyboard in Resources */,
			);
			runOnlyForDeploymentPostprocessing = 0;
		};
		08562F202563098200A47149 /* Resources */ = {
			isa = PBXResourcesBuildPhase;
			buildActionMask = 2147483647;
			files = (
			);
			runOnlyForDeploymentPostprocessing = 0;
		};
/* End PBXResourcesBuildPhase section */

/* Begin PBXSourcesBuildPhase section */
		08562F082563097700A47149 /* Sources */ = {
			isa = PBXSourcesBuildPhase;
			buildActionMask = 2147483647;
			files = (
				08562F142563097700A47149 /* ViewController.swift in Sources */,
				08562F102563097700A47149 /* AppDelegate.swift in Sources */,
				08562F122563097700A47149 /* SceneDelegate.swift in Sources */,
			);
			runOnlyForDeploymentPostprocessing = 0;
		};
		08562F1E2563098200A47149 /* Sources */ = {
			isa = PBXSourcesBuildPhase;
			buildActionMask = 2147483647;
			files = (
				08562F272563098200A47149 /* ClimAppTests.swift in Sources */,
			);
			runOnlyForDeploymentPostprocessing = 0;
		};
/* End PBXSourcesBuildPhase section */

/* Begin PBXTargetDependency section */
		08562F242563098200A47149 /* PBXTargetDependency */ = {
			isa = PBXTargetDependency;
			target = 08562F0B2563097700A47149 /* ClimApp */;
			targetProxy = 08562F232563098200A47149 /* PBXContainerItemProxy */;
		};
/* End PBXTargetDependency section */

/* Begin PBXVariantGroup section */
		08562F152563097700A47149 /* Main.storyboard */ = {
			isa = PBXVariantGroup;
			children = (
				08562F162563097700A47149 /* Base */,
			);
			name = Main.storyboard;
			sourceTree = "<group>";
		};
		08562F1A2563098100A47149 /* LaunchScreen.storyboard */ = {
			isa = PBXVariantGroup;
			children = (
				08562F1B2563098100A47149 /* Base */,
			);
			name = LaunchScreen.storyboard;
			sourceTree = "<group>";
		};
/* End PBXVariantGroup section */

/* Begin XCBuildConfiguration section */
		08562F292563098200A47149 /* Debug */ = {
			isa = XCBuildConfiguration;
			buildSettings = {
				ALWAYS_SEARCH_USER_PATHS = NO;
				CLANG_ANALYZER_NONNULL = YES;
				CLANG_ANALYZER_NUMBER_OBJECT_CONVERSION = YES_AGGRESSIVE;
				CLANG_CXX_LANGUAGE_STANDARD = "gnu++14";
				CLANG_CXX_LIBRARY = "libc++";
				CLANG_ENABLE_MODULES = YES;
				CLANG_ENABLE_OBJC_ARC = YES;
				CLANG_ENABLE_OBJC_WEAK = YES;
				CLANG_WARN_BLOCK_CAPTURE_AUTORELEASING = YES;
				CLANG_WARN_BOOL_CONVERSION = YES;
				CLANG_WARN_COMMA = YES;
				CLANG_WARN_CONSTANT_CONVERSION = YES;
				CLANG_WARN_DEPRECATED_OBJC_IMPLEMENTATIONS = YES;
				CLANG_WARN_DIRECT_OBJC_ISA_USAGE = YES_ERROR;
				CLANG_WARN_DOCUMENTATION_COMMENTS = YES;
				CLANG_WARN_EMPTY_BODY = YES;
				CLANG_WARN_ENUM_CONVERSION = YES;
				CLANG_WARN_INFINITE_RECURSION = YES;
				CLANG_WARN_INT_CONVERSION = YES;
				CLANG_WARN_NON_LITERAL_NULL_CONVERSION = YES;
				CLANG_WARN_OBJC_IMPLICIT_RETAIN_SELF = YES;
				CLANG_WARN_OBJC_LITERAL_CONVERSION = YES;
				CLANG_WARN_OBJC_ROOT_CLASS = YES_ERROR;
				CLANG_WARN_RANGE_LOOP_ANALYSIS = YES;
				CLANG_WARN_STRICT_PROTOTYPES = YES;
				CLANG_WARN_SUSPICIOUS_MOVE = YES;
				CLANG_WARN_UNGUARDED_AVAILABILITY = YES_AGGRESSIVE;
				CLANG_WARN_UNREACHABLE_CODE = YES;
				CLANG_WARN__DUPLICATE_METHOD_MATCH = YES;
				COPY_PHASE_STRIP = NO;
				DEBUG_INFORMATION_FORMAT = dwarf;
				ENABLE_STRICT_OBJC_MSGSEND = YES;
				ENABLE_TESTABILITY = YES;
				GCC_C_LANGUAGE_STANDARD = gnu11;
				GCC_DYNAMIC_NO_PIC = NO;
				GCC_NO_COMMON_BLOCKS = YES;
				GCC_OPTIMIZATION_LEVEL = 0;
				GCC_PREPROCESSOR_DEFINITIONS = (
					"DEBUG=1",
					"$(inherited)",
				);
				GCC_WARN_64_TO_32_BIT_CONVERSION = YES;
				GCC_WARN_ABOUT_RETURN_TYPE = YES_ERROR;
				GCC_WARN_UNDECLARED_SELECTOR = YES;
				GCC_WARN_UNINITIALIZED_AUTOS = YES_AGGRESSIVE;
				GCC_WARN_UNUSED_FUNCTION = YES;
				GCC_WARN_UNUSED_VARIABLE = YES;
				IPHONEOS_DEPLOYMENT_TARGET = 13.5;
				MTL_ENABLE_DEBUG_INFO = INCLUDE_SOURCE;
				MTL_FAST_MATH = YES;
				ONLY_ACTIVE_ARCH = YES;
				SDKROOT = iphoneos;
				SWIFT_ACTIVE_COMPILATION_CONDITIONS = DEBUG;
				SWIFT_OPTIMIZATION_LEVEL = "-Onone";
			};
			name = Debug;
		};
		08562F2A2563098200A47149 /* Release */ = {
			isa = XCBuildConfiguration;
			buildSettings = {
				ALWAYS_SEARCH_USER_PATHS = NO;
				CLANG_ANALYZER_NONNULL = YES;
				CLANG_ANALYZER_NUMBER_OBJECT_CONVERSION = YES_AGGRESSIVE;
				CLANG_CXX_LANGUAGE_STANDARD = "gnu++14";
				CLANG_CXX_LIBRARY = "libc++";
				CLANG_ENABLE_MODULES = YES;
				CLANG_ENABLE_OBJC_ARC = YES;
				CLANG_ENABLE_OBJC_WEAK = YES;
				CLANG_WARN_BLOCK_CAPTURE_AUTORELEASING = YES;
				CLANG_WARN_BOOL_CONVERSION = YES;
				CLANG_WARN_COMMA = YES;
				CLANG_WARN_CONSTANT_CONVERSION = YES;
				CLANG_WARN_DEPRECATED_OBJC_IMPLEMENTATIONS = YES;
				CLANG_WARN_DIRECT_OBJC_ISA_USAGE = YES_ERROR;
				CLANG_WARN_DOCUMENTATION_COMMENTS = YES;
				CLANG_WARN_EMPTY_BODY = YES;
				CLANG_WARN_ENUM_CONVERSION = YES;
				CLANG_WARN_INFINITE_RECURSION = YES;
				CLANG_WARN_INT_CONVERSION = YES;
				CLANG_WARN_NON_LITERAL_NULL_CONVERSION = YES;
				CLANG_WARN_OBJC_IMPLICIT_RETAIN_SELF = YES;
				CLANG_WARN_OBJC_LITERAL_CONVERSION = YES;
				CLANG_WARN_OBJC_ROOT_CLASS = YES_ERROR;
				CLANG_WARN_RANGE_LOOP_ANALYSIS = YES;
				CLANG_WARN_STRICT_PROTOTYPES = YES;
				CLANG_WARN_SUSPICIOUS_MOVE = YES;
				CLANG_WARN_UNGUARDED_AVAILABILITY = YES_AGGRESSIVE;
				CLANG_WARN_UNREACHABLE_CODE = YES;
				CLANG_WARN__DUPLICATE_METHOD_MATCH = YES;
				COPY_PHASE_STRIP = NO;
				DEBUG_INFORMATION_FORMAT = "dwarf-with-dsym";
				ENABLE_NS_ASSERTIONS = NO;
				ENABLE_STRICT_OBJC_MSGSEND = YES;
				GCC_C_LANGUAGE_STANDARD = gnu11;
				GCC_NO_COMMON_BLOCKS = YES;
				GCC_WARN_64_TO_32_BIT_CONVERSION = YES;
				GCC_WARN_ABOUT_RETURN_TYPE = YES_ERROR;
				GCC_WARN_UNDECLARED_SELECTOR = YES;
				GCC_WARN_UNINITIALIZED_AUTOS = YES_AGGRESSIVE;
				GCC_WARN_UNUSED_FUNCTION = YES;
				GCC_WARN_UNUSED_VARIABLE = YES;
				IPHONEOS_DEPLOYMENT_TARGET = 13.5;
				MTL_ENABLE_DEBUG_INFO = NO;
				MTL_FAST_MATH = YES;
				SDKROOT = iphoneos;
				SWIFT_COMPILATION_MODE = wholemodule;
				SWIFT_OPTIMIZATION_LEVEL = "-O";
				VALIDATE_PRODUCT = YES;
			};
			name = Release;
		};
		08562F2C2563098200A47149 /* Debug */ = {
			isa = XCBuildConfiguration;
			buildSettings = {
				ASSETCATALOG_COMPILER_APPICON_NAME = AppIcon;
				CODE_SIGN_STYLE = Automatic;
				DEVELOPMENT_TEAM = 89QHK68R86;
				INFOPLIST_FILE = ClimApp/Info.plist;
				LD_RUNPATH_SEARCH_PATHS = (
					"$(inherited)",
					"@executable_path/Frameworks",
				);
				PRODUCT_BUNDLE_IDENTIFIER = Ivan.ClimApp;
				PRODUCT_NAME = "$(TARGET_NAME)";
				SWIFT_VERSION = 5.0;
				TARGETED_DEVICE_FAMILY = "1,2";
			};
			name = Debug;
		};
		08562F2D2563098200A47149 /* Release */ = {
			isa = XCBuildConfiguration;
			buildSettings = {
				ASSETCATALOG_COMPILER_APPICON_NAME = AppIcon;
				CODE_SIGN_STYLE = Automatic;
				DEVELOPMENT_TEAM = 89QHK68R86;
				INFOPLIST_FILE = ClimApp/Info.plist;
				LD_RUNPATH_SEARCH_PATHS = (
					"$(inherited)",
					"@executable_path/Frameworks",
				);
				PRODUCT_BUNDLE_IDENTIFIER = Ivan.ClimApp;
				PRODUCT_NAME = "$(TARGET_NAME)";
				SWIFT_VERSION = 5.0;
				TARGETED_DEVICE_FAMILY = "1,2";
			};
			name = Release;
		};
		08562F2F2563098200A47149 /* Debug */ = {
			isa = XCBuildConfiguration;
			buildSettings = {
				ALWAYS_EMBED_SWIFT_STANDARD_LIBRARIES = YES;
				BUNDLE_LOADER = "$(TEST_HOST)";
				CODE_SIGN_STYLE = Automatic;
				DEVELOPMENT_TEAM = 89QHK68R86;
				INFOPLIST_FILE = ClimAppTests/Info.plist;
				IPHONEOS_DEPLOYMENT_TARGET = 13.5;
				LD_RUNPATH_SEARCH_PATHS = (
					"$(inherited)",
					"@executable_path/Frameworks",
					"@loader_path/Frameworks",
				);
				PRODUCT_BUNDLE_IDENTIFIER = Ivan.ClimAppTests;
				PRODUCT_NAME = "$(TARGET_NAME)";
				SWIFT_VERSION = 5.0;
				TARGETED_DEVICE_FAMILY = "1,2";
				TEST_HOST = "$(BUILT_PRODUCTS_DIR)/ClimApp.app/ClimApp";
			};
			name = Debug;
		};
		08562F302563098200A47149 /* Release */ = {
			isa = XCBuildConfiguration;
			buildSettings = {
				ALWAYS_EMBED_SWIFT_STANDARD_LIBRARIES = YES;
				BUNDLE_LOADER = "$(TEST_HOST)";
				CODE_SIGN_STYLE = Automatic;
				DEVELOPMENT_TEAM = 89QHK68R86;
				INFOPLIST_FILE = ClimAppTests/Info.plist;
				IPHONEOS_DEPLOYMENT_TARGET = 13.5;
				LD_RUNPATH_SEARCH_PATHS = (
					"$(inherited)",
					"@executable_path/Frameworks",
					"@loader_path/Frameworks",
				);
				PRODUCT_BUNDLE_IDENTIFIER = Ivan.ClimAppTests;
				PRODUCT_NAME = "$(TARGET_NAME)";
				SWIFT_VERSION = 5.0;
				TARGETED_DEVICE_FAMILY = "1,2";
				TEST_HOST = "$(BUILT_PRODUCTS_DIR)/ClimApp.app/ClimApp";
			};
			name = Release;
		};
/* End XCBuildConfiguration section */

/* Begin XCConfigurationList section */
		08562F072563097700A47149 /* Build configuration list for PBXProject "ClimApp" */ = {
			isa = XCConfigurationList;
			buildConfigurations = (
				08562F292563098200A47149 /* Debug */,
				08562F2A2563098200A47149 /* Release */,
			);
			defaultConfigurationIsVisible = 0;
			defaultConfigurationName = Release;
		};
		08562F2B2563098200A47149 /* Build configuration list for PBXNativeTarget "ClimApp" */ = {
			isa = XCConfigurationList;
			buildConfigurations = (
				08562F2C2563098200A47149 /* Debug */,
				08562F2D2563098200A47149 /* Release */,
			);
			defaultConfigurationIsVisible = 0;
			defaultConfigurationName = Release;
		};
		08562F2E2563098200A47149 /* Build configuration list for PBXNativeTarget "ClimAppTests" */ = {
			isa = XCConfigurationList;
			buildConfigurations = (
				08562F2F2563098200A47149 /* Debug */,
				08562F302563098200A47149 /* Release */,
			);
			defaultConfigurationIsVisible = 0;
			defaultConfigurationName = Release;
		};
/* End XCConfigurationList section */
	};
	rootObject = 08562F042563097700A47149 /* Project object */;
}
